
Microsoft Visual Studio Solution File, Format Version 12.00
# Visual Studio Version 17
VisualStudioVersion = 17.3.32804.467
MinimumVisualStudioVersion = 10.0.40219.1
Project("{9A19103F-16F7-4668-BE54-9A1E7A4F7556}") = "SSRSWebApi", "SSRSWebApi\SSRSWebApi.csproj", "{380DA332-29C4-4446-A02B-178C606FA980}"
EndProject
Project("{FAE04EC0-301F-11D3-BF4B-00C04F79EFBC}") = "TestProject", "TestProject\TestProject.csproj", "{EC2D9EC3-B102-4DA5-8F29-05D3DA9306E0}"
EndProject
Global
	GlobalSection(SolutionConfigurationPlatforms) = preSolution
		Debug|Any CPU = Debug|Any CPU
		Release|Any CPU = Release|Any CPU
	EndGlobalSection
	GlobalSection(ProjectConfigurationPlatforms) = postSolution
		{380DA332-29C4-4446-A02B-178C606FA980}.Debug|Any CPU.ActiveCfg = Debug|Any CPU
		{380DA332-29C4-4446-A02B-178C606FA980}.Debug|Any CPU.Build.0 = Debug|Any CPU
		{380DA332-29C4-4446-A02B-178C606FA980}.Release|Any CPU.ActiveCfg = Release|Any CPU
		{380DA332-29C4-4446-A02B-178C606FA980}.Release|Any CPU.Build.0 = Release|Any CPU
		{EC2D9EC3-B102-4DA5-8F29-05D3DA9306E0}.Debug|Any CPU.ActiveCfg = Debug|Any CPU
		{EC2D9EC3-B102-4DA5-8F29-05D3DA9306E0}.Debug|Any CPU.Build.0 = Debug|Any CPU
		{EC2D9EC3-B102-4DA5-8F29-05D3DA9306E0}.Release|Any CPU.ActiveCfg = Release|Any CPU
		{EC2D9EC3-B102-4DA5-8F29-05D3DA9306E0}.Release|Any CPU.Build.0 = Release|Any CPU
	EndGlobalSection
	GlobalSection(SolutionProperties) = preSolution
		HideSolutionNode = FALSE
	EndGlobalSection
	GlobalSection(ExtensibilityGlobals) = postSolution
		SolutionGuid = {35B1822D-EEA4-46FC-A325-D0EECC755E8E}
	EndGlobalSection
EndGlobal
